// !$*UTF8*$!
{
	archiveVersion = 1;
	classes = {
	};
	objectVersion = 50;
	objects = {

/* Begin PBXBuildFile section */
		34B2FF7F5F66C8AB2C725DA6 /* Pods_InspireMeApp.framework in Frameworks */ = {isa = PBXBuildFile; fileRef = 06FFF8CCF31386F38F081AE1 /* Pods_InspireMeApp.framework */; };
		49A6CA4A23069B7F0026D23D /* AppDelegate.swift in Sources */ = {isa = PBXBuildFile; fileRef = 49A6CA4923069B7F0026D23D /* AppDelegate.swift */; };
		49A6CA4F23069B7F0026D23D /* Main.storyboard in Resources */ = {isa = PBXBuildFile; fileRef = 49A6CA4D23069B7F0026D23D /* Main.storyboard */; };
		49A6CA5123069B820026D23D /* Assets.xcassets in Resources */ = {isa = PBXBuildFile; fileRef = 49A6CA5023069B820026D23D /* Assets.xcassets */; };
		49A6CA5423069B820026D23D /* LaunchScreen.storyboard in Resources */ = {isa = PBXBuildFile; fileRef = 49A6CA5223069B820026D23D /* LaunchScreen.storyboard */; };
		49A6CA61230D1FC00026D23D /* MainViewController.swift in Sources */ = {isa = PBXBuildFile; fileRef = 49A6CA60230D1FC00026D23D /* MainViewController.swift */; };
		49A6CA63230D21B60026D23D /* RemaindesTableViewController.swift in Sources */ = {isa = PBXBuildFile; fileRef = 49A6CA62230D21B60026D23D /* RemaindesTableViewController.swift */; };
		49A6CA67230D57170026D23D /* FavoritesTableViewController.swift in Sources */ = {isa = PBXBuildFile; fileRef = 49A6CA66230D57170026D23D /* FavoritesTableViewController.swift */; };
		49A6CA6A231019E20026D23D /* StorageManager.swift in Sources */ = {isa = PBXBuildFile; fileRef = 49A6CA69231019E20026D23D /* StorageManager.swift */; };
		49A6CA6D23101A0B0026D23D /* Quote.swift in Sources */ = {isa = PBXBuildFile; fileRef = 49A6CA6C23101A0B0026D23D /* Quote.swift */; };
/* End PBXBuildFile section */

/* Begin PBXFileReference section */
		06FFF8CCF31386F38F081AE1 /* Pods_InspireMeApp.framework */ = {isa = PBXFileReference; explicitFileType = wrapper.framework; includeInIndex = 0; path = Pods_InspireMeApp.framework; sourceTree = BUILT_PRODUCTS_DIR; };
		49A6CA4623069B7F0026D23D /* InspireMeApp.app */ = {isa = PBXFileReference; explicitFileType = wrapper.application; includeInIndex = 0; path = InspireMeApp.app; sourceTree = BUILT_PRODUCTS_DIR; };
		49A6CA4923069B7F0026D23D /* AppDelegate.swift */ = {isa = PBXFileReference; lastKnownFileType = sourcecode.swift; path = AppDelegate.swift; sourceTree = "<group>"; };
		49A6CA4E23069B7F0026D23D /* Base */ = {isa = PBXFileReference; lastKnownFileType = file.storyboard; name = Base; path = Base.lproj/Main.storyboard; sourceTree = "<group>"; };
		49A6CA5023069B820026D23D /* Assets.xcassets */ = {isa = PBXFileReference; lastKnownFileType = folder.assetcatalog; path = Assets.xcassets; sourceTree = "<group>"; };
		49A6CA5323069B820026D23D /* Base */ = {isa = PBXFileReference; lastKnownFileType = file.storyboard; name = Base; path = Base.lproj/LaunchScreen.storyboard; sourceTree = "<group>"; };
		49A6CA5523069B820026D23D /* Info.plist */ = {isa = PBXFileReference; lastKnownFileType = text.plist.xml; path = Info.plist; sourceTree = "<group>"; };
		49A6CA5B23069BC20026D23D /* ru */ = {isa = PBXFileReference; lastKnownFileType = text.plist.strings; name = ru; path = ru.lproj/Main.strings; sourceTree = "<group>"; };
		49A6CA5C23069BC20026D23D /* ru */ = {isa = PBXFileReference; lastKnownFileType = text.plist.strings; name = ru; path = ru.lproj/LaunchScreen.strings; sourceTree = "<group>"; };
		49A6CA60230D1FC00026D23D /* MainViewController.swift */ = {isa = PBXFileReference; lastKnownFileType = sourcecode.swift; path = MainViewController.swift; sourceTree = "<group>"; };
		49A6CA62230D21B60026D23D /* RemaindesTableViewController.swift */ = {isa = PBXFileReference; lastKnownFileType = sourcecode.swift; path = RemaindesTableViewController.swift; sourceTree = "<group>"; };
		49A6CA66230D57170026D23D /* FavoritesTableViewController.swift */ = {isa = PBXFileReference; lastKnownFileType = sourcecode.swift; path = FavoritesTableViewController.swift; sourceTree = "<group>"; };
		49A6CA69231019E20026D23D /* StorageManager.swift */ = {isa = PBXFileReference; lastKnownFileType = sourcecode.swift; path = StorageManager.swift; sourceTree = "<group>"; };
		49A6CA6C23101A0B0026D23D /* Quote.swift */ = {isa = PBXFileReference; lastKnownFileType = sourcecode.swift; path = Quote.swift; sourceTree = "<group>"; };
		BE8B747BF8BE798EA16927BF /* Pods-InspireMeApp.debug.xcconfig */ = {isa = PBXFileReference; includeInIndex = 1; lastKnownFileType = text.xcconfig; name = "Pods-InspireMeApp.debug.xcconfig"; path = "Pods/Target Support Files/Pods-InspireMeApp/Pods-InspireMeApp.debug.xcconfig"; sourceTree = "<group>"; };
		F64DA63326475E7F9FD8E310 /* Pods-InspireMeApp.release.xcconfig */ = {isa = PBXFileReference; includeInIndex = 1; lastKnownFileType = text.xcconfig; name = "Pods-InspireMeApp.release.xcconfig"; path = "Pods/Target Support Files/Pods-InspireMeApp/Pods-InspireMeApp.release.xcconfig"; sourceTree = "<group>"; };
/* End PBXFileReference section */

/* Begin PBXFrameworksBuildPhase section */
		49A6CA4323069B7F0026D23D /* Frameworks */ = {
			isa = PBXFrameworksBuildPhase;
			buildActionMask = 2147483647;
			files = (
				34B2FF7F5F66C8AB2C725DA6 /* Pods_InspireMeApp.framework in Frameworks */,
			);
			runOnlyForDeploymentPostprocessing = 0;
		};
/* End PBXFrameworksBuildPhase section */

/* Begin PBXGroup section */
		147DC5C1A36A7AA00D9E6CAB /* Frameworks */ = {
			isa = PBXGroup;
			children = (
				06FFF8CCF31386F38F081AE1 /* Pods_InspireMeApp.framework */,
			);
			name = Frameworks;
			sourceTree = "<group>";
		};
		49A6CA3D23069B7E0026D23D = {
			isa = PBXGroup;
			children = (
				49A6CA4823069B7F0026D23D /* InspireMeApp */,
				49A6CA4723069B7F0026D23D /* Products */,
				D798BA483FD67F1789715B8C /* Pods */,
				147DC5C1A36A7AA00D9E6CAB /* Frameworks */,
			);
			sourceTree = "<group>";
		};
		49A6CA4723069B7F0026D23D /* Products */ = {
			isa = PBXGroup;
			children = (
				49A6CA4623069B7F0026D23D /* InspireMeApp.app */,
			);
			name = Products;
			sourceTree = "<group>";
		};
		49A6CA4823069B7F0026D23D /* InspireMeApp */ = {
			isa = PBXGroup;
			children = (
				49A6CA6B231019F80026D23D /* Helpers */,
				49A6CA68231019BA0026D23D /* Models */,
				49A6CA5F230D1FA10026D23D /* View Controllers */,
				49A6CA5D23069BD50026D23D /* Supporting Files */,
				49A6CA5E230C44770026D23D /* Storyboards */,
			);
			path = InspireMeApp;
			sourceTree = "<group>";
		};
		49A6CA5D23069BD50026D23D /* Supporting Files */ = {
			isa = PBXGroup;
			children = (
				49A6CA4923069B7F0026D23D /* AppDelegate.swift */,
				49A6CA5023069B820026D23D /* Assets.xcassets */,
				49A6CA5523069B820026D23D /* Info.plist */,
			);
			path = "Supporting Files";
			sourceTree = "<group>";
		};
		49A6CA5E230C44770026D23D /* Storyboards */ = {
			isa = PBXGroup;
			children = (
				49A6CA4D23069B7F0026D23D /* Main.storyboard */,
				49A6CA5223069B820026D23D /* LaunchScreen.storyboard */,
			);
			path = Storyboards;
			sourceTree = "<group>";
		};
		49A6CA5F230D1FA10026D23D /* View Controllers */ = {
			isa = PBXGroup;
			children = (
				49A6CA60230D1FC00026D23D /* MainViewController.swift */,
				49A6CA62230D21B60026D23D /* RemaindesTableViewController.swift */,
				49A6CA66230D57170026D23D /* FavoritesTableViewController.swift */,
			);
			path = "View Controllers";
			sourceTree = "<group>";
		};
		49A6CA68231019BA0026D23D /* Models */ = {
			isa = PBXGroup;
			children = (
				49A6CA69231019E20026D23D /* StorageManager.swift */,
			);
			path = Models;
			sourceTree = "<group>";
		};
		49A6CA6B231019F80026D23D /* Helpers */ = {
			isa = PBXGroup;
			children = (
				49A6CA6C23101A0B0026D23D /* Quote.swift */,
			);
			path = Helpers;
			sourceTree = "<group>";
		};
		D798BA483FD67F1789715B8C /* Pods */ = {
			isa = PBXGroup;
			children = (
				BE8B747BF8BE798EA16927BF /* Pods-InspireMeApp.debug.xcconfig */,
				F64DA63326475E7F9FD8E310 /* Pods-InspireMeApp.release.xcconfig */,
			);
			name = Pods;
			sourceTree = "<group>";
		};
/* End PBXGroup section */

/* Begin PBXNativeTarget section */
		49A6CA4523069B7F0026D23D /* InspireMeApp */ = {
			isa = PBXNativeTarget;
			buildConfigurationList = 49A6CA5823069B820026D23D /* Build configuration list for PBXNativeTarget "InspireMeApp" */;
			buildPhases = (
				18C06A4BC266D177A3E173D0 /* [CP] Check Pods Manifest.lock */,
				49A6CA4223069B7F0026D23D /* Sources */,
				49A6CA4323069B7F0026D23D /* Frameworks */,
				49A6CA4423069B7F0026D23D /* Resources */,
				696DC8AA5F94ED396FD5F861 /* [CP] Embed Pods Frameworks */,
			);
			buildRules = (
			);
			dependencies = (
			);
			name = InspireMeApp;
			productName = InspireMeApp;
			productReference = 49A6CA4623069B7F0026D23D /* InspireMeApp.app */;
			productType = "com.apple.product-type.application";
		};
/* End PBXNativeTarget section */

/* Begin PBXProject section */
		49A6CA3E23069B7F0026D23D /* Project object */ = {
			isa = PBXProject;
			attributes = {
				LastSwiftUpdateCheck = 1030;
				LastUpgradeCheck = 1030;
				ORGANIZATIONNAME = "Blurry Rabbit";
				TargetAttributes = {
					49A6CA4523069B7F0026D23D = {
						CreatedOnToolsVersion = 10.3;
					};
				};
			};
			buildConfigurationList = 49A6CA4123069B7F0026D23D /* Build configuration list for PBXProject "InspireMeApp" */;
			compatibilityVersion = "Xcode 9.3";
			developmentRegion = en;
			hasScannedForEncodings = 0;
			knownRegions = (
				en,
				Base,
				ru,
			);
			mainGroup = 49A6CA3D23069B7E0026D23D;
			productRefGroup = 49A6CA4723069B7F0026D23D /* Products */;
			projectDirPath = "";
			projectRoot = "";
			targets = (
				49A6CA4523069B7F0026D23D /* InspireMeApp */,
			);
		};
/* End PBXProject section */

/* Begin PBXResourcesBuildPhase section */
		49A6CA4423069B7F0026D23D /* Resources */ = {
			isa = PBXResourcesBuildPhase;
			buildActionMask = 2147483647;
			files = (
				49A6CA5423069B820026D23D /* LaunchScreen.storyboard in Resources */,
				49A6CA5123069B820026D23D /* Assets.xcassets in Resources */,
				49A6CA4F23069B7F0026D23D /* Main.storyboard in Resources */,
			);
			runOnlyForDeploymentPostprocessing = 0;
		};
/* End PBXResourcesBuildPhase section */

/* Begin PBXShellScriptBuildPhase section */
		18C06A4BC266D177A3E173D0 /* [CP] Check Pods Manifest.lock */ = {
			isa = PBXShellScriptBuildPhase;
			buildActionMask = 2147483647;
			files = (
			);
			inputFileListPaths = (
			);
			inputPaths = (
				"${PODS_PODFILE_DIR_PATH}/Podfile.lock",
				"${PODS_ROOT}/Manifest.lock",
			);
			name = "[CP] Check Pods Manifest.lock";
			outputFileListPaths = (
			);
			outputPaths = (
				"$(DERIVED_FILE_DIR)/Pods-InspireMeApp-checkManifestLockResult.txt",
			);
			runOnlyForDeploymentPostprocessing = 0;
			shellPath = /bin/sh;
			shellScript = "diff \"${PODS_PODFILE_DIR_PATH}/Podfile.lock\" \"${PODS_ROOT}/Manifest.lock\" > /dev/null\nif [ $? != 0 ] ; then\n    # print error to STDERR\n    echo \"error: The sandbox is not in sync with the Podfile.lock. Run 'pod install' or update your CocoaPods installation.\" >&2\n    exit 1\nfi\n# This output is used by Xcode 'outputs' to avoid re-running this script phase.\necho \"SUCCESS\" > \"${SCRIPT_OUTPUT_FILE_0}\"\n";
			showEnvVarsInLog = 0;
		};
		696DC8AA5F94ED396FD5F861 /* [CP] Embed Pods Frameworks */ = {
			isa = PBXShellScriptBuildPhase;
			buildActionMask = 2147483647;
			files = (
			);
			inputFileListPaths = (
			);
			inputPaths = (
				"${SRCROOT}/Pods/Target Support Files/Pods-InspireMeApp/Pods-InspireMeApp-frameworks.sh",
				"${BUILT_PRODUCTS_DIR}/Realm/Realm.framework",
				"${BUILT_PRODUCTS_DIR}/RealmSwift/RealmSwift.framework",
			);
			name = "[CP] Embed Pods Frameworks";
			outputFileListPaths = (
			);
			outputPaths = (
				"${TARGET_BUILD_DIR}/${FRAMEWORKS_FOLDER_PATH}/Realm.framework",
				"${TARGET_BUILD_DIR}/${FRAMEWORKS_FOLDER_PATH}/RealmSwift.framework",
			);
			runOnlyForDeploymentPostprocessing = 0;
			shellPath = /bin/sh;
			shellScript = "\"${SRCROOT}/Pods/Target Support Files/Pods-InspireMeApp/Pods-InspireMeApp-frameworks.sh\"\n";
			showEnvVarsInLog = 0;
		};
/* End PBXShellScriptBuildPhase section */

/* Begin PBXSourcesBuildPhase section */
		49A6CA4223069B7F0026D23D /* Sources */ = {
			isa = PBXSourcesBuildPhase;
			buildActionMask = 2147483647;
			files = (
				49A6CA4A23069B7F0026D23D /* AppDelegate.swift in Sources */,
				49A6CA63230D21B60026D23D /* RemaindesTableViewController.swift in Sources */,
				49A6CA61230D1FC00026D23D /* MainViewController.swift in Sources */,
				49A6CA6D23101A0B0026D23D /* Quote.swift in Sources */,
				49A6CA6A231019E20026D23D /* StorageManager.swift in Sources */,
				49A6CA67230D57170026D23D /* FavoritesTableViewController.swift in Sources */,
			);
			runOnlyForDeploymentPostprocessing = 0;
		};
/* End PBXSourcesBuildPhase section */

/* Begin PBXVariantGroup section */
		49A6CA4D23069B7F0026D23D /* Main.storyboard */ = {
			isa = PBXVariantGroup;
			children = (
				49A6CA4E23069B7F0026D23D /* Base */,
				49A6CA5B23069BC20026D23D /* ru */,
			);
			name = Main.storyboard;
			sourceTree = "<group>";
		};
		49A6CA5223069B820026D23D /* LaunchScreen.storyboard */ = {
			isa = PBXVariantGroup;
			children = (
				49A6CA5323069B820026D23D /* Base */,
				49A6CA5C23069BC20026D23D /* ru */,
			);
			name = LaunchScreen.storyboard;
			path = ..;
			sourceTree = "<group>";
		};
/* End PBXVariantGroup section */

/* Begin XCBuildConfiguration section */
		49A6CA5623069B820026D23D /* Debug */ = {
			isa = XCBuildConfiguration;
			buildSettings = {
				ALWAYS_SEARCH_USER_PATHS = NO;
				CLANG_ANALYZER_LOCALIZABILITY_NONLOCALIZED = YES;
				CLANG_ANALYZER_NONNULL = YES;
				CLANG_ANALYZER_NUMBER_OBJECT_CONVERSION = YES_AGGRESSIVE;
				CLANG_CXX_LANGUAGE_STANDARD = "gnu++14";
				CLANG_CXX_LIBRARY = "libc++";
				CLANG_ENABLE_MODULES = YES;
				CLANG_ENABLE_OBJC_ARC = YES;
				CLANG_ENABLE_OBJC_WEAK = YES;
				CLANG_WARN_BLOCK_CAPTURE_AUTORELEASING = YES;
				CLANG_WARN_BOOL_CONVERSION = YES;
				CLANG_WARN_COMMA = YES;
				CLANG_WARN_CONSTANT_CONVERSION = YES;
				CLANG_WARN_DEPRECATED_OBJC_IMPLEMENTATIONS = YES;
				CLANG_WARN_DIRECT_OBJC_ISA_USAGE = YES_ERROR;
				CLANG_WARN_DOCUMENTATION_COMMENTS = YES;
				CLANG_WARN_EMPTY_BODY = YES;
				CLANG_WARN_ENUM_CONVERSION = YES;
				CLANG_WARN_INFINITE_RECURSION = YES;
				CLANG_WARN_INT_CONVERSION = YES;
				CLANG_WARN_NON_LITERAL_NULL_CONVERSION = YES;
				CLANG_WARN_OBJC_IMPLICIT_RETAIN_SELF = YES;
				CLANG_WARN_OBJC_LITERAL_CONVERSION = YES;
				CLANG_WARN_OBJC_ROOT_CLASS = YES_ERROR;
				CLANG_WARN_RANGE_LOOP_ANALYSIS = YES;
				CLANG_WARN_STRICT_PROTOTYPES = YES;
				CLANG_WARN_SUSPICIOUS_MOVE = YES;
				CLANG_WARN_UNGUARDED_AVAILABILITY = YES_AGGRESSIVE;
				CLANG_WARN_UNREACHABLE_CODE = YES;
				CLANG_WARN__DUPLICATE_METHOD_MATCH = YES;
				CODE_SIGN_IDENTITY = "iPhone Developer";
				COPY_PHASE_STRIP = NO;
				DEBUG_INFORMATION_FORMAT = dwarf;
				ENABLE_STRICT_OBJC_MSGSEND = YES;
				ENABLE_TESTABILITY = YES;
				GCC_C_LANGUAGE_STANDARD = gnu11;
				GCC_DYNAMIC_NO_PIC = NO;
				GCC_NO_COMMON_BLOCKS = YES;
				GCC_OPTIMIZATION_LEVEL = 0;
				GCC_PREPROCESSOR_DEFINITIONS = (
					"DEBUG=1",
					"$(inherited)",
				);
				GCC_WARN_64_TO_32_BIT_CONVERSION = YES;
				GCC_WARN_ABOUT_RETURN_TYPE = YES_ERROR;
				GCC_WARN_UNDECLARED_SELECTOR = YES;
				GCC_WARN_UNINITIALIZED_AUTOS = YES_AGGRESSIVE;
				GCC_WARN_UNUSED_FUNCTION = YES;
				GCC_WARN_UNUSED_VARIABLE = YES;
				IPHONEOS_DEPLOYMENT_TARGET = 12.0;
				MTL_ENABLE_DEBUG_INFO = INCLUDE_SOURCE;
				MTL_FAST_MATH = YES;
				ONLY_ACTIVE_ARCH = YES;
				SDKROOT = iphoneos;
				SWIFT_ACTIVE_COMPILATION_CONDITIONS = DEBUG;
				SWIFT_OPTIMIZATION_LEVEL = "-Onone";
			};
			name = Debug;
		};
		49A6CA5723069B820026D23D /* Release */ = {
			isa = XCBuildConfiguration;
			buildSettings = {
				ALWAYS_SEARCH_USER_PATHS = NO;
				CLANG_ANALYZER_LOCALIZABILITY_NONLOCALIZED = YES;
				CLANG_ANALYZER_NONNULL = YES;
				CLANG_ANALYZER_NUMBER_OBJECT_CONVERSION = YES_AGGRESSIVE;
				CLANG_CXX_LANGUAGE_STANDARD = "gnu++14";
				CLANG_CXX_LIBRARY = "libc++";
				CLANG_ENABLE_MODULES = YES;
				CLANG_ENABLE_OBJC_ARC = YES;
				CLANG_ENABLE_OBJC_WEAK = YES;
				CLANG_WARN_BLOCK_CAPTURE_AUTORELEASING = YES;
				CLANG_WARN_BOOL_CONVERSION = YES;
				CLANG_WARN_COMMA = YES;
				CLANG_WARN_CONSTANT_CONVERSION = YES;
				CLANG_WARN_DEPRECATED_OBJC_IMPLEMENTATIONS = YES;
				CLANG_WARN_DIRECT_OBJC_ISA_USAGE = YES_ERROR;
				CLANG_WARN_DOCUMENTATION_COMMENTS = YES;
				CLANG_WARN_EMPTY_BODY = YES;
				CLANG_WARN_ENUM_CONVERSION = YES;
				CLANG_WARN_INFINITE_RECURSION = YES;
				CLANG_WARN_INT_CONVERSION = YES;
				CLANG_WARN_NON_LITERAL_NULL_CONVERSION = YES;
				CLANG_WARN_OBJC_IMPLICIT_RETAIN_SELF = YES;
				CLANG_WARN_OBJC_LITERAL_CONVERSION = YES;
				CLANG_WARN_OBJC_ROOT_CLASS = YES_ERROR;
				CLANG_WARN_RANGE_LOOP_ANALYSIS = YES;
				CLANG_WARN_STRICT_PROTOTYPES = YES;
				CLANG_WARN_SUSPICIOUS_MOVE = YES;
				CLANG_WARN_UNGUARDED_AVAILABILITY = YES_AGGRESSIVE;
				CLANG_WARN_UNREACHABLE_CODE = YES;
				CLANG_WARN__DUPLICATE_METHOD_MATCH = YES;
				CODE_SIGN_IDENTITY = "iPhone Developer";
				COPY_PHASE_STRIP = NO;
				DEBUG_INFORMATION_FORMAT = "dwarf-with-dsym";
				ENABLE_NS_ASSERTIONS = NO;
				ENABLE_STRICT_OBJC_MSGSEND = YES;
				GCC_C_LANGUAGE_STANDARD = gnu11;
				GCC_NO_COMMON_BLOCKS = YES;
				GCC_WARN_64_TO_32_BIT_CONVERSION = YES;
				GCC_WARN_ABOUT_RETURN_TYPE = YES_ERROR;
				GCC_WARN_UNDECLARED_SELECTOR = YES;
				GCC_WARN_UNINITIALIZED_AUTOS = YES_AGGRESSIVE;
				GCC_WARN_UNUSED_FUNCTION = YES;
				GCC_WARN_UNUSED_VARIABLE = YES;
				IPHONEOS_DEPLOYMENT_TARGET = 12.0;
				MTL_ENABLE_DEBUG_INFO = NO;
				MTL_FAST_MATH = YES;
				SDKROOT = iphoneos;
				SWIFT_COMPILATION_MODE = wholemodule;
				SWIFT_OPTIMIZATION_LEVEL = "-O";
				VALIDATE_PRODUCT = YES;
			};
			name = Release;
		};
		49A6CA5923069B820026D23D /* Debug */ = {
			isa = XCBuildConfiguration;
			baseConfigurationReference = BE8B747BF8BE798EA16927BF /* Pods-InspireMeApp.debug.xcconfig */;
			buildSettings = {
				ASSETCATALOG_COMPILER_APPICON_NAME = AppIcon;
				CODE_SIGN_STYLE = Automatic;
				DEVELOPMENT_TEAM = 3FS8DHWRXQ;
				INFOPLIST_FILE = "$(SRCROOT)/InspireMeApp/Supporting Files/Info.plist";
				IPHONEOS_DEPLOYMENT_TARGET = 12.0;
				LD_RUNPATH_SEARCH_PATHS = (
					"$(inherited)",
					"@executable_path/Frameworks",
				);
				PRODUCT_BUNDLE_IDENTIFIER = BR.InspireMeApp;
				PRODUCT_NAME = "$(TARGET_NAME)";
				SWIFT_VERSION = 5.0;
				TARGETED_DEVICE_FAMILY = 1;
			};
			name = Debug;
		};
		49A6CA5A23069B820026D23D /* Release */ = {
			isa = XCBuildConfiguration;
			baseConfigurationReference = F64DA63326475E7F9FD8E310 /* Pods-InspireMeApp.release.xcconfig */;
			buildSettings = {
				ASSETCATALOG_COMPILER_APPICON_NAME = AppIcon;
				CODE_SIGN_STYLE = Automatic;
				DEVELOPMENT_TEAM = 3FS8DHWRXQ;
				INFOPLIST_FILE = "$(SRCROOT)/InspireMeApp/Supporting Files/Info.plist";
				IPHONEOS_DEPLOYMENT_TARGET = 12.0;
				LD_RUNPATH_SEARCH_PATHS = (
					"$(inherited)",
					"@executable_path/Frameworks",
				);
				PRODUCT_BUNDLE_IDENTIFIER = BR.InspireMeApp;
				PRODUCT_NAME = "$(TARGET_NAME)";
				SWIFT_VERSION = 5.0;
				TARGETED_DEVICE_FAMILY = 1;
			};
			name = Release;
		};
/* End XCBuildConfiguration section */

/* Begin XCConfigurationList section */
		49A6CA4123069B7F0026D23D /* Build configuration list for PBXProject "InspireMeApp" */ = {
			isa = XCConfigurationList;
			buildConfigurations = (
				49A6CA5623069B820026D23D /* Debug */,
				49A6CA5723069B820026D23D /* Release */,
			);
			defaultConfigurationIsVisible = 0;
			defaultConfigurationName = Release;
		};
		49A6CA5823069B820026D23D /* Build configuration list for PBXNativeTarget "InspireMeApp" */ = {
			isa = XCConfigurationList;
			buildConfigurations = (
				49A6CA5923069B820026D23D /* Debug */,
				49A6CA5A23069B820026D23D /* Release */,
			);
			defaultConfigurationIsVisible = 0;
			defaultConfigurationName = Release;
		};
/* End XCConfigurationList section */
	};
	rootObject = 49A6CA3E23069B7F0026D23D /* Project object */;
}
